// !$*UTF8*$!
{
	archiveVersion = 1;
	classes = {
	};
	objectVersion = 46;
	objects = {

/* Begin PBXBuildFile section */
		5A0FF97C1E8EBBBC00DE6A2C /* AppDelegate.swift in Sources */ = {isa = PBXBuildFile; fileRef = 5A0FF97B1E8EBBBC00DE6A2C /* AppDelegate.swift */; };
		5A0FF97E1E8EBBBC00DE6A2C /* ViewController.swift in Sources */ = {isa = PBXBuildFile; fileRef = 5A0FF97D1E8EBBBC00DE6A2C /* ViewController.swift */; };
		5A0FF9811E8EBBBC00DE6A2C /* Main.storyboard in Resources */ = {isa = PBXBuildFile; fileRef = 5A0FF97F1E8EBBBC00DE6A2C /* Main.storyboard */; };
		5A0FF9831E8EBBBC00DE6A2C /* Assets.xcassets in Resources */ = {isa = PBXBuildFile; fileRef = 5A0FF9821E8EBBBC00DE6A2C /* Assets.xcassets */; };
		5A0FF9861E8EBBBC00DE6A2C /* LaunchScreen.storyboard in Resources */ = {isa = PBXBuildFile; fileRef = 5A0FF9841E8EBBBC00DE6A2C /* LaunchScreen.storyboard */; };
		5A7DDF9E1E98BAC2003B5F93 /* SalesforceViewsDefaults.swift in Sources */ = {isa = PBXBuildFile; fileRef = 5A7DDF9D1E98BAC2003B5F93 /* SalesforceViewsDefaults.swift */; };
		5A7DDFA61E98BC3E003B5F93 /* UIColor.swift in Sources */ = {isa = PBXBuildFile; fileRef = 5A7DDFA21E98BC3E003B5F93 /* UIColor.swift */; };
		5A7DDFA71E98BC3E003B5F93 /* UIImage.swift in Sources */ = {isa = PBXBuildFile; fileRef = 5A7DDFA31E98BC3E003B5F93 /* UIImage.swift */; };
		5A7DDFA81E98BC3E003B5F93 /* UIImageView.swift in Sources */ = {isa = PBXBuildFile; fileRef = 5A7DDFA41E98BC3E003B5F93 /* UIImageView.swift */; };
		5A7DDFA91E98BC3E003B5F93 /* UIView.swift in Sources */ = {isa = PBXBuildFile; fileRef = 5A7DDFA51E98BC3E003B5F93 /* UIView.swift */; };
		5A7DDFAC1E98C34D003B5F93 /* Address.xib in Resources */ = {isa = PBXBuildFile; fileRef = 5A7DDFAB1E98C34D003B5F93 /* Address.xib */; };
		5A7DDFAE1E98C550003B5F93 /* AddressViewController.swift in Sources */ = {isa = PBXBuildFile; fileRef = 5A7DDFAD1E98C550003B5F93 /* AddressViewController.swift */; };
		5A7DDFB01E98CC88003B5F93 /* AccountDetailsViewController.swift in Sources */ = {isa = PBXBuildFile; fileRef = 5A7DDFAF1E98CC88003B5F93 /* AccountDetailsViewController.swift */; };
		5A7DDFB21E98D29C003B5F93 /* Bundle.swift in Sources */ = {isa = PBXBuildFile; fileRef = 5A7DDFB11E98D29C003B5F93 /* Bundle.swift */; };
		5A9F35D01E972F8A00B64E72 /* AccountTableCellViewController.swift in Sources */ = {isa = PBXBuildFile; fileRef = 5A9F35CF1E972F8A00B64E72 /* AccountTableCellViewController.swift */; };
		5A9F35D21E97328300B64E72 /* Accounts.storyboard in Resources */ = {isa = PBXBuildFile; fileRef = 5A9F35D11E97328300B64E72 /* Accounts.storyboard */; };
		5A9F35D41E97369100B64E72 /* AccountTableViewController.swift in Sources */ = {isa = PBXBuildFile; fileRef = 5A9F35D31E97369100B64E72 /* AccountTableViewController.swift */; };
		5AA381091EA0DAE000C218CF /* testdata.json in Resources */ = {isa = PBXBuildFile; fileRef = 5AA381081EA0DAE000C218CF /* testdata.json */; };
		A0D6051D790EDDD56FCC1501 /* Pods_SalesforceViews.framework in Frameworks */ = {isa = PBXBuildFile; fileRef = 3FA1387C6D8E2814DD2B2CC7 /* Pods_SalesforceViews.framework */; };
		E748A7D41F0EDC310066A118 /* Contacts.storyboard in Resources */ = {isa = PBXBuildFile; fileRef = E748A7D31F0EDC310066A118 /* Contacts.storyboard */; };
		E748A7D81F0EDC760066A118 /* Opportunities.storyboard in Resources */ = {isa = PBXBuildFile; fileRef = E748A7D71F0EDC760066A118 /* Opportunities.storyboard */; };
		E748A7DA1F0EDC8C0066A118 /* Leads.storyboard in Resources */ = {isa = PBXBuildFile; fileRef = E748A7D91F0EDC8C0066A118 /* Leads.storyboard */; };
		E748A7DC1F0EDF8E0066A118 /* LoginViewController.swift in Sources */ = {isa = PBXBuildFile; fileRef = E748A7DB1F0EDF8E0066A118 /* LoginViewController.swift */; };
/* End PBXBuildFile section */

/* Begin PBXFileReference section */
		3FA1387C6D8E2814DD2B2CC7 /* Pods_SalesforceViews.framework */ = {isa = PBXFileReference; explicitFileType = wrapper.framework; includeInIndex = 0; path = Pods_SalesforceViews.framework; sourceTree = BUILT_PRODUCTS_DIR; };
		5A0FF9781E8EBBBC00DE6A2C /* SalesforceViews.app */ = {isa = PBXFileReference; explicitFileType = wrapper.application; includeInIndex = 0; path = SalesforceViews.app; sourceTree = BUILT_PRODUCTS_DIR; };
		5A0FF97B1E8EBBBC00DE6A2C /* AppDelegate.swift */ = {isa = PBXFileReference; lastKnownFileType = sourcecode.swift; path = AppDelegate.swift; sourceTree = "<group>"; };
		5A0FF97D1E8EBBBC00DE6A2C /* ViewController.swift */ = {isa = PBXFileReference; lastKnownFileType = sourcecode.swift; path = ViewController.swift; sourceTree = "<group>"; };
		5A0FF9801E8EBBBC00DE6A2C /* Base */ = {isa = PBXFileReference; lastKnownFileType = file.storyboard; name = Base; path = Base.lproj/Main.storyboard; sourceTree = "<group>"; };
		5A0FF9821E8EBBBC00DE6A2C /* Assets.xcassets */ = {isa = PBXFileReference; lastKnownFileType = folder.assetcatalog; path = Assets.xcassets; sourceTree = "<group>"; };
		5A0FF9851E8EBBBC00DE6A2C /* Base */ = {isa = PBXFileReference; lastKnownFileType = file.storyboard; name = Base; path = Base.lproj/LaunchScreen.storyboard; sourceTree = "<group>"; };
		5A0FF9871E8EBBBC00DE6A2C /* Info.plist */ = {isa = PBXFileReference; lastKnownFileType = text.plist.xml; path = Info.plist; sourceTree = "<group>"; };
		5A7DDF9D1E98BAC2003B5F93 /* SalesforceViewsDefaults.swift */ = {isa = PBXFileReference; fileEncoding = 4; lastKnownFileType = sourcecode.swift; path = SalesforceViewsDefaults.swift; sourceTree = "<group>"; };
		5A7DDFA21E98BC3E003B5F93 /* UIColor.swift */ = {isa = PBXFileReference; fileEncoding = 4; lastKnownFileType = sourcecode.swift; path = UIColor.swift; sourceTree = "<group>"; };
		5A7DDFA31E98BC3E003B5F93 /* UIImage.swift */ = {isa = PBXFileReference; fileEncoding = 4; lastKnownFileType = sourcecode.swift; path = UIImage.swift; sourceTree = "<group>"; };
		5A7DDFA41E98BC3E003B5F93 /* UIImageView.swift */ = {isa = PBXFileReference; fileEncoding = 4; lastKnownFileType = sourcecode.swift; path = UIImageView.swift; sourceTree = "<group>"; };
		5A7DDFA51E98BC3E003B5F93 /* UIView.swift */ = {isa = PBXFileReference; fileEncoding = 4; lastKnownFileType = sourcecode.swift; path = UIView.swift; sourceTree = "<group>"; };
		5A7DDFAB1E98C34D003B5F93 /* Address.xib */ = {isa = PBXFileReference; fileEncoding = 4; lastKnownFileType = file.xib; path = Address.xib; sourceTree = "<group>"; };
		5A7DDFAD1E98C550003B5F93 /* AddressViewController.swift */ = {isa = PBXFileReference; fileEncoding = 4; lastKnownFileType = sourcecode.swift; path = AddressViewController.swift; sourceTree = "<group>"; };
		5A7DDFAF1E98CC88003B5F93 /* AccountDetailsViewController.swift */ = {isa = PBXFileReference; fileEncoding = 4; lastKnownFileType = sourcecode.swift; path = AccountDetailsViewController.swift; sourceTree = "<group>"; };
		5A7DDFB11E98D29C003B5F93 /* Bundle.swift */ = {isa = PBXFileReference; fileEncoding = 4; lastKnownFileType = sourcecode.swift; path = Bundle.swift; sourceTree = "<group>"; };
		5A9F35CF1E972F8A00B64E72 /* AccountTableCellViewController.swift */ = {isa = PBXFileReference; fileEncoding = 4; lastKnownFileType = sourcecode.swift; path = AccountTableCellViewController.swift; sourceTree = "<group>"; };
		5A9F35D11E97328300B64E72 /* Accounts.storyboard */ = {isa = PBXFileReference; fileEncoding = 4; lastKnownFileType = file.storyboard; path = Accounts.storyboard; sourceTree = "<group>"; };
		5A9F35D31E97369100B64E72 /* AccountTableViewController.swift */ = {isa = PBXFileReference; fileEncoding = 4; lastKnownFileType = sourcecode.swift; path = AccountTableViewController.swift; sourceTree = "<group>"; };
		5AA381081EA0DAE000C218CF /* testdata.json */ = {isa = PBXFileReference; fileEncoding = 4; lastKnownFileType = text.json; path = testdata.json; sourceTree = "<group>"; };
		A72D5A8C0A8CC7900B82B60C /* Pods-SalesforceViews.release.xcconfig */ = {isa = PBXFileReference; includeInIndex = 1; lastKnownFileType = text.xcconfig; name = "Pods-SalesforceViews.release.xcconfig"; path = "Pods/Target Support Files/Pods-SalesforceViews/Pods-SalesforceViews.release.xcconfig"; sourceTree = "<group>"; };
		D902FA555E183751E0AD0703 /* Pods-SalesforceViews.debug.xcconfig */ = {isa = PBXFileReference; includeInIndex = 1; lastKnownFileType = text.xcconfig; name = "Pods-SalesforceViews.debug.xcconfig"; path = "Pods/Target Support Files/Pods-SalesforceViews/Pods-SalesforceViews.debug.xcconfig"; sourceTree = "<group>"; };
		E748A7D31F0EDC310066A118 /* Contacts.storyboard */ = {isa = PBXFileReference; lastKnownFileType = file.storyboard; path = Contacts.storyboard; sourceTree = "<group>"; };
		E748A7D71F0EDC760066A118 /* Opportunities.storyboard */ = {isa = PBXFileReference; lastKnownFileType = file.storyboard; path = Opportunities.storyboard; sourceTree = "<group>"; };
		E748A7D91F0EDC8C0066A118 /* Leads.storyboard */ = {isa = PBXFileReference; lastKnownFileType = file.storyboard; path = Leads.storyboard; sourceTree = "<group>"; };
		E748A7DB1F0EDF8E0066A118 /* LoginViewController.swift */ = {isa = PBXFileReference; lastKnownFileType = sourcecode.swift; path = LoginViewController.swift; sourceTree = "<group>"; };
/* End PBXFileReference section */

/* Begin PBXFrameworksBuildPhase section */
		5A0FF9751E8EBBBC00DE6A2C /* Frameworks */ = {
			isa = PBXFrameworksBuildPhase;
			buildActionMask = 2147483647;
			files = (
				A0D6051D790EDDD56FCC1501 /* Pods_SalesforceViews.framework in Frameworks */,
			);
			runOnlyForDeploymentPostprocessing = 0;
		};
/* End PBXFrameworksBuildPhase section */

/* Begin PBXGroup section */
		5A0FF96F1E8EBBBC00DE6A2C = {
			isa = PBXGroup;
			children = (
				5A0FF97A1E8EBBBC00DE6A2C /* SalesforceViews */,
				5A0FF9791E8EBBBC00DE6A2C /* Products */,
				673FD2CA64D8BCE0B46767A0 /* Pods */,
				E6EAFCC29B33EE45390CB8CD /* Frameworks */,
			);
			sourceTree = "<group>";
		};
		5A0FF9791E8EBBBC00DE6A2C /* Products */ = {
			isa = PBXGroup;
			children = (
				5A0FF9781E8EBBBC00DE6A2C /* SalesforceViews.app */,
			);
			name = Products;
			sourceTree = "<group>";
		};
		5A0FF97A1E8EBBBC00DE6A2C /* SalesforceViews */ = {
			isa = PBXGroup;
			children = (
				5A7DDFA11E98BBDC003B5F93 /* Views */,
				5A7DDF9F1E98BAD0003B5F93 /* SampleApp */,
				5A0FF9821E8EBBBC00DE6A2C /* Assets.xcassets */,
			);
			path = SalesforceViews;
			sourceTree = "<group>";
		};
		5A7DDF9F1E98BAD0003B5F93 /* SampleApp */ = {
			isa = PBXGroup;
			children = (
				5A0FF97B1E8EBBBC00DE6A2C /* AppDelegate.swift */,
				5A0FF97D1E8EBBBC00DE6A2C /* ViewController.swift */,
				5A0FF9871E8EBBBC00DE6A2C /* Info.plist */,
				5A0FF97F1E8EBBBC00DE6A2C /* Main.storyboard */,
				5A0FF9841E8EBBBC00DE6A2C /* LaunchScreen.storyboard */,
				E748A7DB1F0EDF8E0066A118 /* LoginViewController.swift */,
			);
			name = SampleApp;
			sourceTree = "<group>";
		};
		5A7DDFA01E98BBD0003B5F93 /* Extensions */ = {
			isa = PBXGroup;
			children = (
				5A7DDFB11E98D29C003B5F93 /* Bundle.swift */,
				5A7DDFA21E98BC3E003B5F93 /* UIColor.swift */,
				5A7DDFA31E98BC3E003B5F93 /* UIImage.swift */,
				5A7DDFA41E98BC3E003B5F93 /* UIImageView.swift */,
				5A7DDFA51E98BC3E003B5F93 /* UIView.swift */,
			);
			name = Extensions;
			sourceTree = "<group>";
		};
		5A7DDFA11E98BBDC003B5F93 /* Views */ = {
			isa = PBXGroup;
			children = (
				E748A7D61F0EDC640066A118 /* Opportunity */,
				E748A7D51F0EDC5C0066A118 /* Lead */,
				E748A7D21F0EDC1D0066A118 /* Contact */,
				5A7DDFAA1E98C32F003B5F93 /* Address */,
				5A7DDF9D1E98BAC2003B5F93 /* SalesforceViewsDefaults.swift */,
				5A7DDFA01E98BBD0003B5F93 /* Extensions */,
				5A9F35CC1E97291000B64E72 /* Account */,
			);
			name = Views;
			sourceTree = "<group>";
		};
		5A7DDFAA1E98C32F003B5F93 /* Address */ = {
			isa = PBXGroup;
			children = (
				5A7DDFAB1E98C34D003B5F93 /* Address.xib */,
				5A7DDFAD1E98C550003B5F93 /* AddressViewController.swift */,
			);
			name = Address;
			sourceTree = "<group>";
		};
		5A9F35CC1E97291000B64E72 /* Account */ = {
			isa = PBXGroup;
			children = (
				5A9F35D11E97328300B64E72 /* Accounts.storyboard */,
				5A9F35CF1E972F8A00B64E72 /* AccountTableCellViewController.swift */,
				5A9F35D31E97369100B64E72 /* AccountTableViewController.swift */,
				5A7DDFAF1E98CC88003B5F93 /* AccountDetailsViewController.swift */,
				5AA381081EA0DAE000C218CF /* testdata.json */,
			);
			name = Account;
			sourceTree = "<group>";
		};
		673FD2CA64D8BCE0B46767A0 /* Pods */ = {
			isa = PBXGroup;
			children = (
				D902FA555E183751E0AD0703 /* Pods-SalesforceViews.debug.xcconfig */,
				A72D5A8C0A8CC7900B82B60C /* Pods-SalesforceViews.release.xcconfig */,
			);
			name = Pods;
			sourceTree = "<group>";
		};
		E6EAFCC29B33EE45390CB8CD /* Frameworks */ = {
			isa = PBXGroup;
			children = (
				3FA1387C6D8E2814DD2B2CC7 /* Pods_SalesforceViews.framework */,
			);
			name = Frameworks;
			sourceTree = "<group>";
		};
		E748A7D21F0EDC1D0066A118 /* Contact */ = {
			isa = PBXGroup;
			children = (
				E748A7D31F0EDC310066A118 /* Contacts.storyboard */,
			);
			name = Contact;
			sourceTree = "<group>";
		};
		E748A7D51F0EDC5C0066A118 /* Lead */ = {
			isa = PBXGroup;
			children = (
				E748A7D91F0EDC8C0066A118 /* Leads.storyboard */,
			);
			name = Lead;
			sourceTree = "<group>";
		};
		E748A7D61F0EDC640066A118 /* Opportunity */ = {
			isa = PBXGroup;
			children = (
				E748A7D71F0EDC760066A118 /* Opportunities.storyboard */,
			);
			name = Opportunity;
			sourceTree = "<group>";
		};
/* End PBXGroup section */

/* Begin PBXNativeTarget section */
		5A0FF9771E8EBBBC00DE6A2C /* SalesforceViews */ = {
			isa = PBXNativeTarget;
			buildConfigurationList = 5A0FF98A1E8EBBBC00DE6A2C /* Build configuration list for PBXNativeTarget "SalesforceViews" */;
			buildPhases = (
				A968314DE9809126FAF896D3 /* [CP] Check Pods Manifest.lock */,
				5A0FF9741E8EBBBC00DE6A2C /* Sources */,
				5A0FF9751E8EBBBC00DE6A2C /* Frameworks */,
				5A0FF9761E8EBBBC00DE6A2C /* Resources */,
				90F0CB527D46D2ED5DED2118 /* [CP] Embed Pods Frameworks */,
				FE1247B23342D578EE4A94EE /* [CP] Copy Pods Resources */,
			);
			buildRules = (
			);
			dependencies = (
			);
			name = SalesforceViews;
			productName = SalesforceViews;
			productReference = 5A0FF9781E8EBBBC00DE6A2C /* SalesforceViews.app */;
			productType = "com.apple.product-type.application";
		};
/* End PBXNativeTarget section */

/* Begin PBXProject section */
		5A0FF9701E8EBBBC00DE6A2C /* Project object */ = {
			isa = PBXProject;
			attributes = {
				LastSwiftUpdateCheck = 0830;
				LastUpgradeCheck = 0830;
				ORGANIZATIONNAME = me.quinton;
				TargetAttributes = {
					5A0FF9771E8EBBBC00DE6A2C = {
						CreatedOnToolsVersion = 8.3;
						DevelopmentTeam = 4X564CR95Y;
						ProvisioningStyle = Automatic;
					};
				};
			};
			buildConfigurationList = 5A0FF9731E8EBBBC00DE6A2C /* Build configuration list for PBXProject "SalesforceViews" */;
			compatibilityVersion = "Xcode 3.2";
			developmentRegion = English;
			hasScannedForEncodings = 0;
			knownRegions = (
				en,
				Base,
			);
			mainGroup = 5A0FF96F1E8EBBBC00DE6A2C;
			productRefGroup = 5A0FF9791E8EBBBC00DE6A2C /* Products */;
			projectDirPath = "";
			projectRoot = "";
			targets = (
				5A0FF9771E8EBBBC00DE6A2C /* SalesforceViews */,
			);
		};
/* End PBXProject section */

/* Begin PBXResourcesBuildPhase section */
		5A0FF9761E8EBBBC00DE6A2C /* Resources */ = {
			isa = PBXResourcesBuildPhase;
			buildActionMask = 2147483647;
			files = (
				5A0FF9861E8EBBBC00DE6A2C /* LaunchScreen.storyboard in Resources */,
				5A7DDFAC1E98C34D003B5F93 /* Address.xib in Resources */,
				5A9F35D21E97328300B64E72 /* Accounts.storyboard in Resources */,
				5A0FF9831E8EBBBC00DE6A2C /* Assets.xcassets in Resources */,
				E748A7D81F0EDC760066A118 /* Opportunities.storyboard in Resources */,
				E748A7DA1F0EDC8C0066A118 /* Leads.storyboard in Resources */,
				5A0FF9811E8EBBBC00DE6A2C /* Main.storyboard in Resources */,
				E748A7D41F0EDC310066A118 /* Contacts.storyboard in Resources */,
				5AA381091EA0DAE000C218CF /* testdata.json in Resources */,
			);
			runOnlyForDeploymentPostprocessing = 0;
		};
/* End PBXResourcesBuildPhase section */

/* Begin PBXShellScriptBuildPhase section */
		90F0CB527D46D2ED5DED2118 /* [CP] Embed Pods Frameworks */ = {
			isa = PBXShellScriptBuildPhase;
			buildActionMask = 2147483647;
			files = (
			);
			inputPaths = (
			);
			name = "[CP] Embed Pods Frameworks";
			outputPaths = (
			);
			runOnlyForDeploymentPostprocessing = 0;
			shellPath = /bin/sh;
			shellScript = "\"${SRCROOT}/Pods/Target Support Files/Pods-SalesforceViews/Pods-SalesforceViews-frameworks.sh\"\n";
			showEnvVarsInLog = 0;
		};
		A968314DE9809126FAF896D3 /* [CP] Check Pods Manifest.lock */ = {
			isa = PBXShellScriptBuildPhase;
			buildActionMask = 2147483647;
			files = (
			);
			inputPaths = (
			);
			name = "[CP] Check Pods Manifest.lock";
			outputPaths = (
			);
			runOnlyForDeploymentPostprocessing = 0;
			shellPath = /bin/sh;
			shellScript = "diff \"${PODS_ROOT}/../Podfile.lock\" \"${PODS_ROOT}/Manifest.lock\" > /dev/null\nif [ $? != 0 ] ; then\n    # print error to STDERR\n    echo \"error: The sandbox is not in sync with the Podfile.lock. Run 'pod install' or update your CocoaPods installation.\" >&2\n    exit 1\nfi\n";
			showEnvVarsInLog = 0;
		};
		FE1247B23342D578EE4A94EE /* [CP] Copy Pods Resources */ = {
			isa = PBXShellScriptBuildPhase;
			buildActionMask = 2147483647;
			files = (
			);
			inputPaths = (
			);
			name = "[CP] Copy Pods Resources";
			outputPaths = (
			);
			runOnlyForDeploymentPostprocessing = 0;
			shellPath = /bin/sh;
			shellScript = "\"${SRCROOT}/Pods/Target Support Files/Pods-SalesforceViews/Pods-SalesforceViews-resources.sh\"\n";
			showEnvVarsInLog = 0;
		};
/* End PBXShellScriptBuildPhase section */

/* Begin PBXSourcesBuildPhase section */
		5A0FF9741E8EBBBC00DE6A2C /* Sources */ = {
			isa = PBXSourcesBuildPhase;
			buildActionMask = 2147483647;
			files = (
				5A7DDFA81E98BC3E003B5F93 /* UIImageView.swift in Sources */,
				5A7DDFB21E98D29C003B5F93 /* Bundle.swift in Sources */,
				5A7DDF9E1E98BAC2003B5F93 /* SalesforceViewsDefaults.swift in Sources */,
				5A7DDFA61E98BC3E003B5F93 /* UIColor.swift in Sources */,
				5A7DDFAE1E98C550003B5F93 /* AddressViewController.swift in Sources */,
				5A9F35D01E972F8A00B64E72 /* AccountTableCellViewController.swift in Sources */,
				5A0FF97E1E8EBBBC00DE6A2C /* ViewController.swift in Sources */,
				5A9F35D41E97369100B64E72 /* AccountTableViewController.swift in Sources */,
				5A7DDFB01E98CC88003B5F93 /* AccountDetailsViewController.swift in Sources */,
				5A0FF97C1E8EBBBC00DE6A2C /* AppDelegate.swift in Sources */,
				5A7DDFA91E98BC3E003B5F93 /* UIView.swift in Sources */,
				E748A7DC1F0EDF8E0066A118 /* LoginViewController.swift in Sources */,
				5A7DDFA71E98BC3E003B5F93 /* UIImage.swift in Sources */,
			);
			runOnlyForDeploymentPostprocessing = 0;
		};
/* End PBXSourcesBuildPhase section */

/* Begin PBXVariantGroup section */
		5A0FF97F1E8EBBBC00DE6A2C /* Main.storyboard */ = {
			isa = PBXVariantGroup;
			children = (
				5A0FF9801E8EBBBC00DE6A2C /* Base */,
			);
			name = Main.storyboard;
			sourceTree = "<group>";
		};
		5A0FF9841E8EBBBC00DE6A2C /* LaunchScreen.storyboard */ = {
			isa = PBXVariantGroup;
			children = (
				5A0FF9851E8EBBBC00DE6A2C /* Base */,
			);
			name = LaunchScreen.storyboard;
			sourceTree = "<group>";
		};
/* End PBXVariantGroup section */

/* Begin XCBuildConfiguration section */
		5A0FF9881E8EBBBC00DE6A2C /* Debug */ = {
			isa = XCBuildConfiguration;
			buildSettings = {
				ALWAYS_SEARCH_USER_PATHS = NO;
				CLANG_ANALYZER_NONNULL = YES;
				CLANG_ANALYZER_NUMBER_OBJECT_CONVERSION = YES_AGGRESSIVE;
				CLANG_CXX_LANGUAGE_STANDARD = "gnu++0x";
				CLANG_CXX_LIBRARY = "libc++";
				CLANG_ENABLE_MODULES = YES;
				CLANG_ENABLE_OBJC_ARC = YES;
				CLANG_WARN_BOOL_CONVERSION = YES;
				CLANG_WARN_CONSTANT_CONVERSION = YES;
				CLANG_WARN_DIRECT_OBJC_ISA_USAGE = YES_ERROR;
				CLANG_WARN_DOCUMENTATION_COMMENTS = YES;
				CLANG_WARN_EMPTY_BODY = YES;
				CLANG_WARN_ENUM_CONVERSION = YES;
				CLANG_WARN_INFINITE_RECURSION = YES;
				CLANG_WARN_INT_CONVERSION = YES;
				CLANG_WARN_OBJC_ROOT_CLASS = YES_ERROR;
				CLANG_WARN_SUSPICIOUS_MOVE = YES;
				CLANG_WARN_UNREACHABLE_CODE = YES;
				CLANG_WARN__DUPLICATE_METHOD_MATCH = YES;
				"CODE_SIGN_IDENTITY[sdk=iphoneos*]" = "iPhone Developer";
				COPY_PHASE_STRIP = NO;
				DEBUG_INFORMATION_FORMAT = dwarf;
				ENABLE_STRICT_OBJC_MSGSEND = YES;
				ENABLE_TESTABILITY = YES;
				GCC_C_LANGUAGE_STANDARD = gnu99;
				GCC_DYNAMIC_NO_PIC = NO;
				GCC_NO_COMMON_BLOCKS = YES;
				GCC_OPTIMIZATION_LEVEL = 0;
				GCC_PREPROCESSOR_DEFINITIONS = (
					"DEBUG=1",
					"$(inherited)",
				);
				GCC_WARN_64_TO_32_BIT_CONVERSION = YES;
				GCC_WARN_ABOUT_RETURN_TYPE = YES_ERROR;
				GCC_WARN_UNDECLARED_SELECTOR = YES;
				GCC_WARN_UNINITIALIZED_AUTOS = YES_AGGRESSIVE;
				GCC_WARN_UNUSED_FUNCTION = YES;
				GCC_WARN_UNUSED_VARIABLE = YES;
				IPHONEOS_DEPLOYMENT_TARGET = 10.3;
				MTL_ENABLE_DEBUG_INFO = YES;
				ONLY_ACTIVE_ARCH = YES;
				SDKROOT = iphoneos;
				SWIFT_ACTIVE_COMPILATION_CONDITIONS = DEBUG;
				SWIFT_OPTIMIZATION_LEVEL = "-Onone";
				TARGETED_DEVICE_FAMILY = "1,2";
			};
			name = Debug;
		};
		5A0FF9891E8EBBBC00DE6A2C /* Release */ = {
			isa = XCBuildConfiguration;
			buildSettings = {
				ALWAYS_SEARCH_USER_PATHS = NO;
				CLANG_ANALYZER_NONNULL = YES;
				CLANG_ANALYZER_NUMBER_OBJECT_CONVERSION = YES_AGGRESSIVE;
				CLANG_CXX_LANGUAGE_STANDARD = "gnu++0x";
				CLANG_CXX_LIBRARY = "libc++";
				CLANG_ENABLE_MODULES = YES;
				CLANG_ENABLE_OBJC_ARC = YES;
				CLANG_WARN_BOOL_CONVERSION = YES;
				CLANG_WARN_CONSTANT_CONVERSION = YES;
				CLANG_WARN_DIRECT_OBJC_ISA_USAGE = YES_ERROR;
				CLANG_WARN_DOCUMENTATION_COMMENTS = YES;
				CLANG_WARN_EMPTY_BODY = YES;
				CLANG_WARN_ENUM_CONVERSION = YES;
				CLANG_WARN_INFINITE_RECURSION = YES;
				CLANG_WARN_INT_CONVERSION = YES;
				CLANG_WARN_OBJC_ROOT_CLASS = YES_ERROR;
				CLANG_WARN_SUSPICIOUS_MOVE = YES;
				CLANG_WARN_UNREACHABLE_CODE = YES;
				CLANG_WARN__DUPLICATE_METHOD_MATCH = YES;
				"CODE_SIGN_IDENTITY[sdk=iphoneos*]" = "iPhone Developer";
				COPY_PHASE_STRIP = NO;
				DEBUG_INFORMATION_FORMAT = "dwarf-with-dsym";
				ENABLE_NS_ASSERTIONS = NO;
				ENABLE_STRICT_OBJC_MSGSEND = YES;
				GCC_C_LANGUAGE_STANDARD = gnu99;
				GCC_NO_COMMON_BLOCKS = YES;
				GCC_WARN_64_TO_32_BIT_CONVERSION = YES;
				GCC_WARN_ABOUT_RETURN_TYPE = YES_ERROR;
				GCC_WARN_UNDECLARED_SELECTOR = YES;
				GCC_WARN_UNINITIALIZED_AUTOS = YES_AGGRESSIVE;
				GCC_WARN_UNUSED_FUNCTION = YES;
				GCC_WARN_UNUSED_VARIABLE = YES;
				IPHONEOS_DEPLOYMENT_TARGET = 10.3;
				MTL_ENABLE_DEBUG_INFO = NO;
				SDKROOT = iphoneos;
				SWIFT_OPTIMIZATION_LEVEL = "-Owholemodule";
				TARGETED_DEVICE_FAMILY = "1,2";
				VALIDATE_PRODUCT = YES;
			};
			name = Release;
		};
		5A0FF98B1E8EBBBC00DE6A2C /* Debug */ = {
			isa = XCBuildConfiguration;
			baseConfigurationReference = D902FA555E183751E0AD0703 /* Pods-SalesforceViews.debug.xcconfig */;
			buildSettings = {
				ASSETCATALOG_COMPILER_APPICON_NAME = AppIcon;
				DEVELOPMENT_TEAM = 4X564CR95Y;
				INFOPLIST_FILE = SalesforceViews/Info.plist;
				LD_RUNPATH_SEARCH_PATHS = "$(inherited) @executable_path/Frameworks";
				PRODUCT_BUNDLE_IDENTIFIER = me.quinton.SalesforceViews;
				PRODUCT_NAME = "$(TARGET_NAME)";
				SWIFT_VERSION = 3.0;
			};
			name = Debug;
		};
		5A0FF98C1E8EBBBC00DE6A2C /* Release */ = {
			isa = XCBuildConfiguration;
			baseConfigurationReference = A72D5A8C0A8CC7900B82B60C /* Pods-SalesforceViews.release.xcconfig */;
			buildSettings = {
				ASSETCATALOG_COMPILER_APPICON_NAME = AppIcon;
				DEVELOPMENT_TEAM = 4X564CR95Y;
				INFOPLIST_FILE = SalesforceViews/Info.plist;
				LD_RUNPATH_SEARCH_PATHS = "$(inherited) @executable_path/Frameworks";
				PRODUCT_BUNDLE_IDENTIFIER = me.quinton.SalesforceViews;
				PRODUCT_NAME = "$(TARGET_NAME)";
				SWIFT_VERSION = 3.0;
			};
			name = Release;
		};
/* End XCBuildConfiguration section */

/* Begin XCConfigurationList section */
		5A0FF9731E8EBBBC00DE6A2C /* Build configuration list for PBXProject "SalesforceViews" */ = {
			isa = XCConfigurationList;
			buildConfigurations = (
				5A0FF9881E8EBBBC00DE6A2C /* Debug */,
				5A0FF9891E8EBBBC00DE6A2C /* Release */,
			);
			defaultConfigurationIsVisible = 0;
			defaultConfigurationName = Release;
		};
		5A0FF98A1E8EBBBC00DE6A2C /* Build configuration list for PBXNativeTarget "SalesforceViews" */ = {
			isa = XCConfigurationList;
			buildConfigurations = (
				5A0FF98B1E8EBBBC00DE6A2C /* Debug */,
				5A0FF98C1E8EBBBC00DE6A2C /* Release */,
			);
			defaultConfigurationIsVisible = 0;
			defaultConfigurationName = Release;
		};
/* End XCConfigurationList section */
	};
	rootObject = 5A0FF9701E8EBBBC00DE6A2C /* Project object */;
}
